<?xml version="1.0" encoding="UTF-8"?>
<Scheme
   LastUpgradeVersion = "0730"
   version = "1.3">
   <BuildAction
      parallelizeBuildables = "YES"
      buildImplicitDependencies = "YES">
      <BuildActionEntries>
         <BuildActionEntry
            buildForTesting = "YES"
            buildForRunning = "YES"
            buildForProfiling = "YES"
            buildForArchiving = "YES"
            buildForAnalyzing = "YES">
            <BuildableReference
               BuildableIdentifier = "primary"
               BlueprintIdentifier = "629AF6E01A0125E5001CBB3E"
               BuildableName = "LDNetDiagnoServiceDemo.app"
               BlueprintName = "LDNetDiagnoServiceDemo"
               ReferencedContainer = "container:LDNetDiagnoService.xcodeproj">
            </BuildableReference>
         </BuildActionEntry>
      </BuildActionEntries>
   </BuildAction>
   <TestAction
      buildConfiguration = "Debug"
      selectedDebuggerIdentifier = "Xcode.DebuggerFoundation.Debugger.LLDB"
      selectedLauncherIdentifier = "Xcode.DebuggerFoundation.Launcher.LLDB"
      shouldUseLaunchSchemeArgsEnv = "YES">
      <Testables>
         <TestableReference
            skipped = "NO">
            <BuildableReference
               BuildableIdentifier = "primary"
               BlueprintIdentifier = "629AF6F91A0125E5001CBB3E"
               BuildableName = "LDNetDiagnoServiceDemoTests.xctest"
               BlueprintName = "LDNetDiagnoServiceDemoTests"
               ReferencedContainer = "container:LDNetDiagnoService.xcodeproj">
            </BuildableReference>
         </TestableReference>
         <TestableReference
            skipped = "NO">
            <BuildableReference
               BuildableIdentifier = "primary"
               BlueprintIdentifier = "2942AC921CEC3C650028B3C7"
               BuildableName = "libLDNetDiagnoServiceTests.xctest"
               BlueprintName = "libLDNetDiagnoServiceTests"
               ReferencedContainer = "container:LDNetDiagnoService.xcodeproj">
            </BuildableReference>
         </TestableReference>
         <TestableReference
            skipped = "NO">
            <BuildableReference
               BuildableIdentifier = "primary"
               BlueprintIdentifier = "B0535F531CF2EF6200A1E7D6"
               BuildableName = "libLD111Tests.xctest"
               BlueprintName = "libLD111Tests"
               ReferencedContainer = "container:LDNetDiagnoService.xcodeproj">
            </BuildableReference>
         </TestableReference>
         <TestableReference
            skipped = "NO">
            <BuildableReference
               BuildableIdentifier = "primary"
               BlueprintIdentifier = "B0535F751CF2EFAD00A1E7D6"
               BuildableName = "libLDNetDiagnoService1Tests.xctest"
               BlueprintName = "libLDNetDiagnoService1Tests"
               ReferencedContainer = "container:LDNetDiagnoService.xcodeproj">
            </BuildableReference>
         </TestableReference>
      </Testables>
      <MacroExpansion>
         <BuildableReference
            BuildableIdentifier = "primary"
            BlueprintIdentifier = "629AF6E01A0125E5001CBB3E"
            BuildableName = "LDNetDiagnoServiceDemo.app"
            BlueprintName = "LDNetDiagnoServiceDemo"
            ReferencedContainer = "container:LDNetDiagnoService.xcodeproj">
         </BuildableReference>
      </MacroExpansion>
      <AdditionalOptions>
      </AdditionalOptions>
   </TestAction>
   <LaunchAction
      buildConfiguration = "Debug"
      selectedDebuggerIdentifier = "Xcode.DebuggerFoundation.Debugger.LLDB"
      selectedLauncherIdentifier = "Xcode.DebuggerFoundation.Launcher.LLDB"
      launchStyle = "0"
      useCustomWorkingDirectory = "NO"
      ignoresPersistentStateOnLaunch = "NO"
      debugDocumentVersioning = "YES"
      debugServiceExtension = "internal"
      allowLocationSimulation = "YES">
      <BuildableProductRunnable
         runnableDebuggingMode = "0">
         <BuildableReference
            BuildableIdentifier = "primary"
            BlueprintIdentifier = "629AF6E01A0125E5001CBB3E"
            BuildableName = "LDNetDiagnoServiceDemo.app"
            BlueprintName = "LDNetDiagnoServiceDemo"
            ReferencedContainer = "container:LDNetDiagnoService.xcodeproj">
         </BuildableReference>
      </BuildableProductRunnable>
      <AdditionalOptions>
      </AdditionalOptions>
   </LaunchAction>
   <ProfileAction
      buildConfiguration = "Release"
      shouldUseLaunchSchemeArgsEnv = "YES"
      savedToolIdentifier = ""
      useCustomWorkingDirectory = "NO"
      debugDocumentVersioning = "YES">
      <BuildableProductRunnable
         runnableDebuggingMode = "0">
         <BuildableReference
            BuildableIdentifier = "primary"
            BlueprintIdentifier = "629AF6E01A0125E5001CBB3E"
            BuildableName = "LDNetDiagnoServiceDemo.app"
            BlueprintName = "LDNetDiagnoServiceDemo"
            ReferencedContainer = "container:LDNetDiagnoService.xcodeproj">
         </BuildableReference>
      </BuildableProductRunnable>
   </ProfileAction>
   <AnalyzeAction
      buildConfiguration = "Debug">
   </AnalyzeAction>
   <ArchiveAction
      buildConfiguration = "Release"
      revealArchiveInOrganizer = "YES">
   </ArchiveAction>
</Scheme>
